{
    "_meta": {
        "hash": {
            "sha256": "afd555f537d7bb501184557087a3e20416561274bc0f3a7134bc76be94d6667e"
        },
        "pipfile-spec": 6,
        "requires": {
            "python_version": "3.6"
        },
        "sources": [
            {
                "name": "pypi",
                "url": "https://pypi.org/simple",
                "verify_ssl": true
            }
        ]
    },
    "default": {
        "django": {
            "hashes": [
                "sha256:04f2e423f2e60943c02bd2959174b844f7d1bcd19eabb7f8e4282999958021fd",
                "sha256:e1cc1cd6b658aa4e052f5f2b148bfda08091d7c3558529708342e37e4e33f72c"
            ],
            "index": "pypi",
            "version": "==2.1.1"
        },
        "django-filter": {
            "hashes": [
                "sha256:6f4e4bc1a11151178520567b50320e5c32f8edb552139d93ea3e30613b886f56",
                "sha256:86c3925020c27d072cdae7b828aaa5d165c2032a629abbe3c3a1be1edae61c58"
            ],
            "index": "pypi",
            "version": "==2.0.0"
        },
        "django-js-asset": {
            "hashes": [
                "sha256:30149158206f693a5d027fe590096fc84495486bd11cd77d395b4f2ec27fc1d0",
                "sha256:a395d8d19eb201ea8d2bd4f145b38f1717cd74c0f609f040141d8724c5a27f36"
            ],
            "version": "==1.1.0"
        },
        "django-mptt": {
            "hashes": [
                "sha256:18a41d1b56ca7c02a5b04d246e33ee2d18f6ee5459c02ed1d945f5abdef23a2e",
                "sha256:689a04cce0981671d6061a9928c33a16b47abb0d4cd43cf7dec31ae284fdae9d"
            ],
            "index": "pypi",
            "version": "==0.9.1"
        },
        "djangorestframework": {
            "hashes": [
                "sha256:b6714c3e4b0f8d524f193c91ecf5f5450092c2145439ac2769711f7eba89a9d9",
                "sha256:c375e4f95a3a64fccac412e36fb42ba36881e52313ec021ef410b40f67cddca4"
            ],
            "index": "pypi",
            "version": "==3.8.2"
        },
        "pytz": {
            "hashes": [
                "sha256:a061aa0a9e06881eb8b3b2b43f05b9439d6583c206d0a6c340ff72a7b6669053",
                "sha256:ffb9ef1de172603304d9d2819af6f5ece76f2e85ec10692a524dd876e72bf277"
            ],
            "version": "==2018.5"
        }
    },
    "develop": {}
}
